{
  "requires": true,
  "lockfileVersion": 1,
  "dependencies": {
    "@dcloudio/uni-ui": {
      "version": "1.1.5",
      "resolved": "https://registry.npmjs.org/@dcloudio/uni-ui/-/uni-ui-1.1.5.tgz",
      "integrity": "sha512-qqBOf/z7WrXiJm3/iom1xBbGAXvLTar/tzmMFwJuvDZwjTnwoP0X+gEkHxz+IH21wH2gu7ykHJWsQajfqJN+fA=="
    },
    "downloadjs": {
      "version": "1.4.7",
      "resolved": "https://registry.npmjs.org/downloadjs/-/downloadjs-1.4.7.tgz",
      "integrity": "sha1-9p+W+UDg0FU9rCkROYZaPNAQHjw="
    },
    "moment": {
      "version": "2.24.0",
      "resolved": "https://registry.npmjs.org/moment/-/moment-2.24.0.tgz",
      "integrity": "sha512-bV7f+6l2QigeBBZSM/6yTNq4P2fNpSWj/0e7jQcy87A8e7o2nAfP/34/2ky5Vw4B9S446EtIhodAzkFCcR4dQg=="
    },
    "vue-json-excel": {
      "version": "0.2.98",
      "resolved": "https://registry.npmjs.org/vue-json-excel/-/vue-json-excel-0.2.98.tgz",
      "integrity": "sha512-hPA3/cOe5nGbEZiJyfpdBIdqBExxF6EhMhpX6vC654PYbTVzdzp7O9ZsC1AgqbgRDR8VjzAaPaEeHg2vGS88FQ==",
      "requires": {
        "downloadjs": "^1.4.7"
      }
    }
  }
}
